PODS:
  - CorePokeDex (0.1.0)
  - Home (0.1.0):
    - CorePokeDex

DEPENDENCIES:
  - CorePokeDex (from `../../CorePokeDex`)
  - Home (from `../`)

EXTERNAL SOURCES:
  CorePokeDex:
    :path: "../../CorePokeDex"
  Home:
    :path: "../"

SPEC CHECKSUMS:
  CorePokeDex: 0d79e6afe247f93d9a130d57361620e5b92de45d
  Home: 26cc5836db8522fd01537565046e8d44945894e9

PODFILE CHECKSUM: ffb1f6f826b1f61712ee40d7e3397e85e49c72d3

COCOAPODS: 1.14.3
